
Microsoft Visual Studio Solution File, Format Version 12.00
# Visual Studio Version 16
VisualStudioVersion = 16.0.30128.74
MinimumVisualStudioVersion = 10.0.40219.1
Project("{FAE04EC0-301F-11D3-BF4B-00C04F79EFBC}") = "IdentityServer4Host", "IdentityServer4Host\IdentityServer4Host.csproj", "{ED8373F7-59EB-4126-9FA2-BF0E5CDD5249}"
EndProject
Project("{FAE04EC0-301F-11D3-BF4B-00C04F79EFBC}") = "ApiHost", "ApiHost\ApiHost.csproj", "{A6077BF0-4ADD-41C7-9FE6-50D73F8DC6DC}"
EndProject
Project("{FAE04EC0-301F-11D3-BF4B-00C04F79EFBC}") = "ConsoleClient", "ConsoleClient\ConsoleClient.csproj", "{863E724E-2CF1-4214-85F4-9AFEAC240F7A}"
EndProject
Global
	GlobalSection(SolutionConfigurationPlatforms) = preSolution
		Debug|Any CPU = Debug|Any CPU
		Release|Any CPU = Release|Any CPU
	EndGlobalSection
	GlobalSection(ProjectConfigurationPlatforms) = postSolution
		{ED8373F7-59EB-4126-9FA2-BF0E5CDD5249}.Debug|Any CPU.ActiveCfg = Debug|Any CPU
		{ED8373F7-59EB-4126-9FA2-BF0E5CDD5249}.Debug|Any CPU.Build.0 = Debug|Any CPU
		{ED8373F7-59EB-4126-9FA2-BF0E5CDD5249}.Release|Any CPU.ActiveCfg = Release|Any CPU
		{ED8373F7-59EB-4126-9FA2-BF0E5CDD5249}.Release|Any CPU.Build.0 = Release|Any CPU
		{A6077BF0-4ADD-41C7-9FE6-50D73F8DC6DC}.Debug|Any CPU.ActiveCfg = Debug|Any CPU
		{A6077BF0-4ADD-41C7-9FE6-50D73F8DC6DC}.Debug|Any CPU.Build.0 = Debug|Any CPU
		{A6077BF0-4ADD-41C7-9FE6-50D73F8DC6DC}.Release|Any CPU.ActiveCfg = Release|Any CPU
		{A6077BF0-4ADD-41C7-9FE6-50D73F8DC6DC}.Release|Any CPU.Build.0 = Release|Any CPU
		{863E724E-2CF1-4214-85F4-9AFEAC240F7A}.Debug|Any CPU.ActiveCfg = Debug|Any CPU
		{863E724E-2CF1-4214-85F4-9AFEAC240F7A}.Debug|Any CPU.Build.0 = Debug|Any CPU
		{863E724E-2CF1-4214-85F4-9AFEAC240F7A}.Release|Any CPU.ActiveCfg = Release|Any CPU
		{863E724E-2CF1-4214-85F4-9AFEAC240F7A}.Release|Any CPU.Build.0 = Release|Any CPU
	EndGlobalSection
	GlobalSection(SolutionProperties) = preSolution
		HideSolutionNode = FALSE
	EndGlobalSection
	GlobalSection(ExtensibilityGlobals) = postSolution
		SolutionGuid = {D9AC0669-0A9F-4CC9-AC9B-B7A23292305F}
	EndGlobalSection
EndGlobal
